// !$*UTF8*$!
{
	archiveVersion = 1;
	classes = {
	};
	objectVersion = 46;
	objects = {

/* Begin PBXBuildFile section */
		4970AB421CAC58DD00DFF296 /* RoverDirectionTests.swift in Sources */ = {isa = PBXBuildFile; fileRef = 4970AB411CAC58DD00DFF296 /* RoverDirectionTests.swift */; };
		4970AB441CAC5CA100DFF296 /* GridTests.swift in Sources */ = {isa = PBXBuildFile; fileRef = 4970AB431CAC5CA100DFF296 /* GridTests.swift */; };
		49EBBBCE1CAB1C7B0064BA66 /* main.swift in Sources */ = {isa = PBXBuildFile; fileRef = 49EBBBCD1CAB1C7B0064BA66 /* main.swift */; };
		49EBBBDB1CAB1CA70064BA66 /* RoverTests.swift in Sources */ = {isa = PBXBuildFile; fileRef = 49EBBBDA1CAB1CA70064BA66 /* RoverTests.swift */; };
		49EBBBE11CAB1CDF0064BA66 /* Rover.swift in Sources */ = {isa = PBXBuildFile; fileRef = 49EBBBE01CAB1CDF0064BA66 /* Rover.swift */; };
		49EBBBE21CAB1DBD0064BA66 /* Rover.swift in Sources */ = {isa = PBXBuildFile; fileRef = 49EBBBE01CAB1CDF0064BA66 /* Rover.swift */; };
		49EBBBE41CAB200C0064BA66 /* Position.swift in Sources */ = {isa = PBXBuildFile; fileRef = 49EBBBE31CAB200C0064BA66 /* Position.swift */; };
		49EBBBE61CAB201E0064BA66 /* Grid.swift in Sources */ = {isa = PBXBuildFile; fileRef = 49EBBBE51CAB201E0064BA66 /* Grid.swift */; };
		49EBBBE71CAB201E0064BA66 /* Grid.swift in Sources */ = {isa = PBXBuildFile; fileRef = 49EBBBE51CAB201E0064BA66 /* Grid.swift */; };
		49EBBBE81CAB206E0064BA66 /* Position.swift in Sources */ = {isa = PBXBuildFile; fileRef = 49EBBBE31CAB200C0064BA66 /* Position.swift */; };
		49EBBBEA1CAB26590064BA66 /* PositionTests.swift in Sources */ = {isa = PBXBuildFile; fileRef = 49EBBBE91CAB26590064BA66 /* PositionTests.swift */; };
		49EBBBEC1CAB2F120064BA66 /* RoverDirection.swift in Sources */ = {isa = PBXBuildFile; fileRef = 49EBBBEB1CAB2F120064BA66 /* RoverDirection.swift */; };
		49EBBBED1CAB2F120064BA66 /* RoverDirection.swift in Sources */ = {isa = PBXBuildFile; fileRef = 49EBBBEB1CAB2F120064BA66 /* RoverDirection.swift */; };
		49FEA16A1CADACF6005F1261 /* RoverPosition.swift in Sources */ = {isa = PBXBuildFile; fileRef = 49FEA1691CADACF6005F1261 /* RoverPosition.swift */; };
		49FEA16B1CADAED9005F1261 /* RoverPosition.swift in Sources */ = {isa = PBXBuildFile; fileRef = 49FEA1691CADACF6005F1261 /* RoverPosition.swift */; };
/* End PBXBuildFile section */

/* Begin PBXCopyFilesBuildPhase section */
		49EBBBC81CAB1C7B0064BA66 /* CopyFiles */ = {
			isa = PBXCopyFilesBuildPhase;
			buildActionMask = 2147483647;
			dstPath = /usr/share/man/man1/;
			dstSubfolderSpec = 0;
			files = (
			);
			runOnlyForDeploymentPostprocessing = 1;
		};
/* End PBXCopyFilesBuildPhase section */

/* Begin PBXFileReference section */
		4970AB411CAC58DD00DFF296 /* RoverDirectionTests.swift */ = {isa = PBXFileReference; fileEncoding = 4; lastKnownFileType = sourcecode.swift; path = RoverDirectionTests.swift; sourceTree = "<group>"; };
		4970AB431CAC5CA100DFF296 /* GridTests.swift */ = {isa = PBXFileReference; fileEncoding = 4; lastKnownFileType = sourcecode.swift; path = GridTests.swift; sourceTree = "<group>"; };
		49EBBBCA1CAB1C7B0064BA66 /* mars-rover */ = {isa = PBXFileReference; explicitFileType = "compiled.mach-o.executable"; includeInIndex = 0; path = "mars-rover"; sourceTree = BUILT_PRODUCTS_DIR; };
		49EBBBCD1CAB1C7B0064BA66 /* main.swift */ = {isa = PBXFileReference; lastKnownFileType = sourcecode.swift; path = main.swift; sourceTree = "<group>"; };
		49EBBBD81CAB1CA70064BA66 /* mars-roverTests.xctest */ = {isa = PBXFileReference; explicitFileType = wrapper.cfbundle; includeInIndex = 0; path = "mars-roverTests.xctest"; sourceTree = BUILT_PRODUCTS_DIR; };
		49EBBBDA1CAB1CA70064BA66 /* RoverTests.swift */ = {isa = PBXFileReference; lastKnownFileType = sourcecode.swift; path = RoverTests.swift; sourceTree = "<group>"; };
		49EBBBDC1CAB1CA70064BA66 /* Info.plist */ = {isa = PBXFileReference; lastKnownFileType = text.plist.xml; path = Info.plist; sourceTree = "<group>"; };
		49EBBBE01CAB1CDF0064BA66 /* Rover.swift */ = {isa = PBXFileReference; fileEncoding = 4; lastKnownFileType = sourcecode.swift; path = Rover.swift; sourceTree = "<group>"; };
		49EBBBE31CAB200C0064BA66 /* Position.swift */ = {isa = PBXFileReference; fileEncoding = 4; lastKnownFileType = sourcecode.swift; path = Position.swift; sourceTree = "<group>"; };
		49EBBBE51CAB201E0064BA66 /* Grid.swift */ = {isa = PBXFileReference; fileEncoding = 4; lastKnownFileType = sourcecode.swift; path = Grid.swift; sourceTree = "<group>"; };
		49EBBBE91CAB26590064BA66 /* PositionTests.swift */ = {isa = PBXFileReference; fileEncoding = 4; lastKnownFileType = sourcecode.swift; path = PositionTests.swift; sourceTree = "<group>"; };
		49EBBBEB1CAB2F120064BA66 /* RoverDirection.swift */ = {isa = PBXFileReference; fileEncoding = 4; lastKnownFileType = sourcecode.swift; path = RoverDirection.swift; sourceTree = "<group>"; };
		49FEA1691CADACF6005F1261 /* RoverPosition.swift */ = {isa = PBXFileReference; fileEncoding = 4; lastKnownFileType = sourcecode.swift; path = RoverPosition.swift; sourceTree = "<group>"; };
/* End PBXFileReference section */

/* Begin PBXFrameworksBuildPhase section */
		49EBBBC71CAB1C7B0064BA66 /* Frameworks */ = {
			isa = PBXFrameworksBuildPhase;
			buildActionMask = 2147483647;
			files = (
			);
			runOnlyForDeploymentPostprocessing = 0;
		};
		49EBBBD51CAB1CA70064BA66 /* Frameworks */ = {
			isa = PBXFrameworksBuildPhase;
			buildActionMask = 2147483647;
			files = (
			);
			runOnlyForDeploymentPostprocessing = 0;
		};
/* End PBXFrameworksBuildPhase section */

/* Begin PBXGroup section */
		49EBBBC11CAB1C7B0064BA66 = {
			isa = PBXGroup;
			children = (
				49EBBBCC1CAB1C7B0064BA66 /* mars-rover */,
				49EBBBD91CAB1CA70064BA66 /* mars-roverTests */,
				49EBBBCB1CAB1C7B0064BA66 /* Products */,
			);
			sourceTree = "<group>";
		};
		49EBBBCB1CAB1C7B0064BA66 /* Products */ = {
			isa = PBXGroup;
			children = (
				49EBBBCA1CAB1C7B0064BA66 /* mars-rover */,
				49EBBBD81CAB1CA70064BA66 /* mars-roverTests.xctest */,
			);
			name = Products;
			sourceTree = "<group>";
		};
		49EBBBCC1CAB1C7B0064BA66 /* mars-rover */ = {
			isa = PBXGroup;
			children = (
				49EBBBCD1CAB1C7B0064BA66 /* main.swift */,
				49EBBBE01CAB1CDF0064BA66 /* Rover.swift */,
				49EBBBEB1CAB2F120064BA66 /* RoverDirection.swift */,
				49FEA1691CADACF6005F1261 /* RoverPosition.swift */,
				49EBBBE31CAB200C0064BA66 /* Position.swift */,
				49EBBBE51CAB201E0064BA66 /* Grid.swift */,
			);
			path = "mars-rover";
			sourceTree = "<group>";
		};
		49EBBBD91CAB1CA70064BA66 /* mars-roverTests */ = {
			isa = PBXGroup;
			children = (
				4970AB431CAC5CA100DFF296 /* GridTests.swift */,
				49EBBBE91CAB26590064BA66 /* PositionTests.swift */,
				4970AB411CAC58DD00DFF296 /* RoverDirectionTests.swift */,
				49EBBBDA1CAB1CA70064BA66 /* RoverTests.swift */,
				49EBBBDC1CAB1CA70064BA66 /* Info.plist */,
			);
			path = "mars-roverTests";
			sourceTree = "<group>";
		};
/* End PBXGroup section */

/* Begin PBXNativeTarget section */
		49EBBBC91CAB1C7B0064BA66 /* mars-rover */ = {
			isa = PBXNativeTarget;
			buildConfigurationList = 49EBBBD11CAB1C7B0064BA66 /* Build configuration list for PBXNativeTarget "mars-rover" */;
			buildPhases = (
				49EBBBC61CAB1C7B0064BA66 /* Sources */,
				49EBBBC71CAB1C7B0064BA66 /* Frameworks */,
				49EBBBC81CAB1C7B0064BA66 /* CopyFiles */,
			);
			buildRules = (
			);
			dependencies = (
			);
			name = "mars-rover";
			productName = "mars-rover";
			productReference = 49EBBBCA1CAB1C7B0064BA66 /* mars-rover */;
			productType = "com.apple.product-type.tool";
		};
		49EBBBD71CAB1CA70064BA66 /* mars-roverTests */ = {
			isa = PBXNativeTarget;
			buildConfigurationList = 49EBBBDD1CAB1CA70064BA66 /* Build configuration list for PBXNativeTarget "mars-roverTests" */;
			buildPhases = (
				49EBBBD41CAB1CA70064BA66 /* Sources */,
				49EBBBD51CAB1CA70064BA66 /* Frameworks */,
				49EBBBD61CAB1CA70064BA66 /* Resources */,
			);
			buildRules = (
			);
			dependencies = (
			);
			name = "mars-roverTests";
			productName = "mars-roverTests";
			productReference = 49EBBBD81CAB1CA70064BA66 /* mars-roverTests.xctest */;
			productType = "com.apple.product-type.bundle.unit-test";
		};
/* End PBXNativeTarget section */

/* Begin PBXProject section */
		49EBBBC21CAB1C7B0064BA66 /* Project object */ = {
			isa = PBXProject;
			attributes = {
				LastSwiftUpdateCheck = 0730;
				LastUpgradeCheck = 0730;
				ORGANIZATIONNAME = "Sergio Baró Simó";
				TargetAttributes = {
					49EBBBC91CAB1C7B0064BA66 = {
						CreatedOnToolsVersion = 7.3;
					};
					49EBBBD71CAB1CA70064BA66 = {
						CreatedOnToolsVersion = 7.3;
					};
				};
			};
			buildConfigurationList = 49EBBBC51CAB1C7B0064BA66 /* Build configuration list for PBXProject "mars-rover" */;
			compatibilityVersion = "Xcode 3.2";
			developmentRegion = English;
			hasScannedForEncodings = 0;
			knownRegions = (
				en,
			);
			mainGroup = 49EBBBC11CAB1C7B0064BA66;
			productRefGroup = 49EBBBCB1CAB1C7B0064BA66 /* Products */;
			projectDirPath = "";
			projectRoot = "";
			targets = (
				49EBBBC91CAB1C7B0064BA66 /* mars-rover */,
				49EBBBD71CAB1CA70064BA66 /* mars-roverTests */,
			);
		};
/* End PBXProject section */

/* Begin PBXResourcesBuildPhase section */
		49EBBBD61CAB1CA70064BA66 /* Resources */ = {
			isa = PBXResourcesBuildPhase;
			buildActionMask = 2147483647;
			files = (
			);
			runOnlyForDeploymentPostprocessing = 0;
		};
/* End PBXResourcesBuildPhase section */

/* Begin PBXSourcesBuildPhase section */
		49EBBBC61CAB1C7B0064BA66 /* Sources */ = {
			isa = PBXSourcesBuildPhase;
			buildActionMask = 2147483647;
			files = (
				49FEA16A1CADACF6005F1261 /* RoverPosition.swift in Sources */,
				49EBBBE11CAB1CDF0064BA66 /* Rover.swift in Sources */,
				49EBBBCE1CAB1C7B0064BA66 /* main.swift in Sources */,
				49EBBBE41CAB200C0064BA66 /* Position.swift in Sources */,
				49EBBBEC1CAB2F120064BA66 /* RoverDirection.swift in Sources */,
				49EBBBE61CAB201E0064BA66 /* Grid.swift in Sources */,
			);
			runOnlyForDeploymentPostprocessing = 0;
		};
		49EBBBD41CAB1CA70064BA66 /* Sources */ = {
			isa = PBXSourcesBuildPhase;
			buildActionMask = 2147483647;
			files = (
				49EBBBE21CAB1DBD0064BA66 /* Rover.swift in Sources */,
				49EBBBDB1CAB1CA70064BA66 /* RoverTests.swift in Sources */,
				49EBBBE81CAB206E0064BA66 /* Position.swift in Sources */,
				4970AB441CAC5CA100DFF296 /* GridTests.swift in Sources */,
				4970AB421CAC58DD00DFF296 /* RoverDirectionTests.swift in Sources */,
				49EBBBE71CAB201E0064BA66 /* Grid.swift in Sources */,
				49FEA16B1CADAED9005F1261 /* RoverPosition.swift in Sources */,
				49EBBBEA1CAB26590064BA66 /* PositionTests.swift in Sources */,
				49EBBBED1CAB2F120064BA66 /* RoverDirection.swift in Sources */,
			);
			runOnlyForDeploymentPostprocessing = 0;
		};
/* End PBXSourcesBuildPhase section */

/* Begin XCBuildConfiguration section */
		49EBBBCF1CAB1C7B0064BA66 /* Debug */ = {
			isa = XCBuildConfiguration;
			buildSettings = {
				ALWAYS_SEARCH_USER_PATHS = NO;
				CLANG_ANALYZER_NONNULL = YES;
				CLANG_CXX_LANGUAGE_STANDARD = "gnu++0x";
				CLANG_CXX_LIBRARY = "libc++";
				CLANG_ENABLE_MODULES = YES;
				CLANG_ENABLE_OBJC_ARC = YES;
				CLANG_WARN_BOOL_CONVERSION = YES;
				CLANG_WARN_CONSTANT_CONVERSION = YES;
				CLANG_WARN_DIRECT_OBJC_ISA_USAGE = YES_ERROR;
				CLANG_WARN_EMPTY_BODY = YES;
				CLANG_WARN_ENUM_CONVERSION = YES;
				CLANG_WARN_INT_CONVERSION = YES;
				CLANG_WARN_OBJC_ROOT_CLASS = YES_ERROR;
				CLANG_WARN_UNREACHABLE_CODE = YES;
				CLANG_WARN__DUPLICATE_METHOD_MATCH = YES;
				CODE_SIGN_IDENTITY = "-";
				COPY_PHASE_STRIP = NO;
				DEBUG_INFORMATION_FORMAT = dwarf;
				ENABLE_STRICT_OBJC_MSGSEND = YES;
				ENABLE_TESTABILITY = YES;
				GCC_C_LANGUAGE_STANDARD = gnu99;
				GCC_DYNAMIC_NO_PIC = NO;
				GCC_NO_COMMON_BLOCKS = YES;
				GCC_OPTIMIZATION_LEVEL = 0;
				GCC_PREPROCESSOR_DEFINITIONS = (
					"DEBUG=1",
					"$(inherited)",
				);
				GCC_WARN_64_TO_32_BIT_CONVERSION = YES;
				GCC_WARN_ABOUT_RETURN_TYPE = YES_ERROR;
				GCC_WARN_UNDECLARED_SELECTOR = YES;
				GCC_WARN_UNINITIALIZED_AUTOS = YES_AGGRESSIVE;
				GCC_WARN_UNUSED_FUNCTION = YES;
				GCC_WARN_UNUSED_VARIABLE = YES;
				MACOSX_DEPLOYMENT_TARGET = 10.11;
				MTL_ENABLE_DEBUG_INFO = YES;
				ONLY_ACTIVE_ARCH = YES;
				SDKROOT = macosx;
				SWIFT_OPTIMIZATION_LEVEL = "-Onone";
			};
			name = Debug;
		};
		49EBBBD01CAB1C7B0064BA66 /* Release */ = {
			isa = XCBuildConfiguration;
			buildSettings = {
				ALWAYS_SEARCH_USER_PATHS = NO;
				CLANG_ANALYZER_NONNULL = YES;
				CLANG_CXX_LANGUAGE_STANDARD = "gnu++0x";
				CLANG_CXX_LIBRARY = "libc++";
				CLANG_ENABLE_MODULES = YES;
				CLANG_ENABLE_OBJC_ARC = YES;
				CLANG_WARN_BOOL_CONVERSION = YES;
				CLANG_WARN_CONSTANT_CONVERSION = YES;
				CLANG_WARN_DIRECT_OBJC_ISA_USAGE = YES_ERROR;
				CLANG_WARN_EMPTY_BODY = YES;
				CLANG_WARN_ENUM_CONVERSION = YES;
				CLANG_WARN_INT_CONVERSION = YES;
				CLANG_WARN_OBJC_ROOT_CLASS = YES_ERROR;
				CLANG_WARN_UNREACHABLE_CODE = YES;
				CLANG_WARN__DUPLICATE_METHOD_MATCH = YES;
				CODE_SIGN_IDENTITY = "-";
				COPY_PHASE_STRIP = NO;
				DEBUG_INFORMATION_FORMAT = "dwarf-with-dsym";
				ENABLE_NS_ASSERTIONS = NO;
				ENABLE_STRICT_OBJC_MSGSEND = YES;
				GCC_C_LANGUAGE_STANDARD = gnu99;
				GCC_NO_COMMON_BLOCKS = YES;
				GCC_WARN_64_TO_32_BIT_CONVERSION = YES;
				GCC_WARN_ABOUT_RETURN_TYPE = YES_ERROR;
				GCC_WARN_UNDECLARED_SELECTOR = YES;
				GCC_WARN_UNINITIALIZED_AUTOS = YES_AGGRESSIVE;
				GCC_WARN_UNUSED_FUNCTION = YES;
				GCC_WARN_UNUSED_VARIABLE = YES;
				MACOSX_DEPLOYMENT_TARGET = 10.11;
				MTL_ENABLE_DEBUG_INFO = NO;
				SDKROOT = macosx;
			};
			name = Release;
		};
		49EBBBD21CAB1C7B0064BA66 /* Debug */ = {
			isa = XCBuildConfiguration;
			buildSettings = {
				PRODUCT_NAME = "$(TARGET_NAME)";
			};
			name = Debug;
		};
		49EBBBD31CAB1C7B0064BA66 /* Release */ = {
			isa = XCBuildConfiguration;
			buildSettings = {
				PRODUCT_NAME = "$(TARGET_NAME)";
			};
			name = Release;
		};
		49EBBBDE1CAB1CA70064BA66 /* Debug */ = {
			isa = XCBuildConfiguration;
			buildSettings = {
				COMBINE_HIDPI_IMAGES = YES;
				INFOPLIST_FILE = "mars-roverTests/Info.plist";
				LD_RUNPATH_SEARCH_PATHS = "$(inherited) @executable_path/../Frameworks @loader_path/../Frameworks";
				PRODUCT_BUNDLE_IDENTIFIER = "com.sbs.mars-roverTests";
				PRODUCT_NAME = "$(TARGET_NAME)";
			};
			name = Debug;
		};
		49EBBBDF1CAB1CA70064BA66 /* Release */ = {
			isa = XCBuildConfiguration;
			buildSettings = {
				COMBINE_HIDPI_IMAGES = YES;
				INFOPLIST_FILE = "mars-roverTests/Info.plist";
				LD_RUNPATH_SEARCH_PATHS = "$(inherited) @executable_path/../Frameworks @loader_path/../Frameworks";
				PRODUCT_BUNDLE_IDENTIFIER = "com.sbs.mars-roverTests";
				PRODUCT_NAME = "$(TARGET_NAME)";
			};
			name = Release;
		};
/* End XCBuildConfiguration section */

/* Begin XCConfigurationList section */
		49EBBBC51CAB1C7B0064BA66 /* Build configuration list for PBXProject "mars-rover" */ = {
			isa = XCConfigurationList;
			buildConfigurations = (
				49EBBBCF1CAB1C7B0064BA66 /* Debug */,
				49EBBBD01CAB1C7B0064BA66 /* Release */,
			);
			defaultConfigurationIsVisible = 0;
			defaultConfigurationName = Release;
		};
		49EBBBD11CAB1C7B0064BA66 /* Build configuration list for PBXNativeTarget "mars-rover" */ = {
			isa = XCConfigurationList;
			buildConfigurations = (
				49EBBBD21CAB1C7B0064BA66 /* Debug */,
				49EBBBD31CAB1C7B0064BA66 /* Release */,
			);
			defaultConfigurationIsVisible = 0;
			defaultConfigurationName = Release;
		};
		49EBBBDD1CAB1CA70064BA66 /* Build configuration list for PBXNativeTarget "mars-roverTests" */ = {
			isa = XCConfigurationList;
			buildConfigurations = (
				49EBBBDE1CAB1CA70064BA66 /* Debug */,
				49EBBBDF1CAB1CA70064BA66 /* Release */,
			);
			defaultConfigurationIsVisible = 0;
			defaultConfigurationName = Release;
		};
/* End XCConfigurationList section */
	};
	rootObject = 49EBBBC21CAB1C7B0064BA66 /* Project object */;
}
